
Microsoft Visual Studio Solution File, Format Version 12.00
# Visual Studio 15
VisualStudioVersion = 15.0.28010.2050
MinimumVisualStudioVersion = 10.0.40219.1
Project("{FAE04EC0-301F-11D3-BF4B-00C04F79EFBC}") = "TwitchSpammer", "TwitchSpammer\TwitchSpammer.csproj", "{959BFB66-8323-4011-A85F-EC6D2F15BB91}"
EndProject
Global
	GlobalSection(SolutionConfigurationPlatforms) = preSolution
		Debug|Any CPU = Debug|Any CPU
		Release|Any CPU = Release|Any CPU
	EndGlobalSection
	GlobalSection(ProjectConfigurationPlatforms) = postSolution
		{959BFB66-8323-4011-A85F-EC6D2F15BB91}.Debug|Any CPU.ActiveCfg = Debug|Any CPU
		{959BFB66-8323-4011-A85F-EC6D2F15BB91}.Debug|Any CPU.Build.0 = Debug|Any CPU
		{959BFB66-8323-4011-A85F-EC6D2F15BB91}.Release|Any CPU.ActiveCfg = Release|Any CPU
		{959BFB66-8323-4011-A85F-EC6D2F15BB91}.Release|Any CPU.Build.0 = Release|Any CPU
	EndGlobalSection
	GlobalSection(SolutionProperties) = preSolution
		HideSolutionNode = FALSE
	EndGlobalSection
	GlobalSection(ExtensibilityGlobals) = postSolution
		SolutionGuid = {4A8223B4-5F3A-4031-A740-918E24474EB5}
	EndGlobalSection
EndGlobal
